
Microsoft Visual Studio Solution File, Format Version 12.00
# Visual Studio 15
VisualStudioVersion = 15.0.27703.2042
MinimumVisualStudioVersion = 10.0.40219.1
Project("{FAE04EC0-301F-11D3-BF4B-00C04F79EFBC}") = "ConsoleApp1", "ConsoleApp1\ConsoleApp1.csproj", "{C58852B4-188A-4DC2-9D98-F84E2B94872B}"
EndProject
Project("{FAE04EC0-301F-11D3-BF4B-00C04F79EFBC}") = "Domain", "Domain\Domain.csproj", "{DBD10CB1-B9DF-447E-A07A-A8B9C0071F78}"
EndProject
Project("{FAE04EC0-301F-11D3-BF4B-00C04F79EFBC}") = "Dto", "Dto\Dto.csproj", "{DC6F9303-BC13-42DB-A632-50020BCE5684}"
EndProject
Global
	GlobalSection(SolutionConfigurationPlatforms) = preSolution
		Debug|Any CPU = Debug|Any CPU
		Release|Any CPU = Release|Any CPU
	EndGlobalSection
	GlobalSection(ProjectConfigurationPlatforms) = postSolution
		{C58852B4-188A-4DC2-9D98-F84E2B94872B}.Debug|Any CPU.ActiveCfg = Debug|Any CPU
		{C58852B4-188A-4DC2-9D98-F84E2B94872B}.Debug|Any CPU.Build.0 = Debug|Any CPU
		{C58852B4-188A-4DC2-9D98-F84E2B94872B}.Release|Any CPU.ActiveCfg = Release|Any CPU
		{C58852B4-188A-4DC2-9D98-F84E2B94872B}.Release|Any CPU.Build.0 = Release|Any CPU
		{DBD10CB1-B9DF-447E-A07A-A8B9C0071F78}.Debug|Any CPU.ActiveCfg = Debug|Any CPU
		{DBD10CB1-B9DF-447E-A07A-A8B9C0071F78}.Debug|Any CPU.Build.0 = Debug|Any CPU
		{DBD10CB1-B9DF-447E-A07A-A8B9C0071F78}.Release|Any CPU.ActiveCfg = Release|Any CPU
		{DBD10CB1-B9DF-447E-A07A-A8B9C0071F78}.Release|Any CPU.Build.0 = Release|Any CPU
		{DC6F9303-BC13-42DB-A632-50020BCE5684}.Debug|Any CPU.ActiveCfg = Debug|Any CPU
		{DC6F9303-BC13-42DB-A632-50020BCE5684}.Debug|Any CPU.Build.0 = Debug|Any CPU
		{DC6F9303-BC13-42DB-A632-50020BCE5684}.Release|Any CPU.ActiveCfg = Release|Any CPU
		{DC6F9303-BC13-42DB-A632-50020BCE5684}.Release|Any CPU.Build.0 = Release|Any CPU
	EndGlobalSection
	GlobalSection(SolutionProperties) = preSolution
		HideSolutionNode = FALSE
	EndGlobalSection
	GlobalSection(ExtensibilityGlobals) = postSolution
		SolutionGuid = {680332D7-279A-4C96-9376-4B045BC83A6F}
	EndGlobalSection
EndGlobal
